
Microsoft Visual Studio Solution File, Format Version 12.00
# Visual Studio Version 16
VisualStudioVersion = 16.0.31019.35
MinimumVisualStudioVersion = 10.0.40219.1
Project("{FAE04EC0-301F-11D3-BF4B-00C04F79EFBC}") = "AspNet", "AspNet\AspNet.csproj", "{73CA1D8B-B54B-4792-A370-47F949081B10}"
EndProject
Global
	GlobalSection(SolutionConfigurationPlatforms) = preSolution
		Debug|Any CPU = Debug|Any CPU
		Release|Any CPU = Release|Any CPU
	EndGlobalSection
	GlobalSection(ProjectConfigurationPlatforms) = postSolution
		{73CA1D8B-B54B-4792-A370-47F949081B10}.Debug|Any CPU.ActiveCfg = Debug|Any CPU
		{73CA1D8B-B54B-4792-A370-47F949081B10}.Debug|Any CPU.Build.0 = Debug|Any CPU
		{73CA1D8B-B54B-4792-A370-47F949081B10}.Release|Any CPU.ActiveCfg = Release|Any CPU
		{73CA1D8B-B54B-4792-A370-47F949081B10}.Release|Any CPU.Build.0 = Release|Any CPU
	EndGlobalSection
	GlobalSection(SolutionProperties) = preSolution
		HideSolutionNode = FALSE
	EndGlobalSection
	GlobalSection(ExtensibilityGlobals) = postSolution
		SolutionGuid = {69DA5DF7-B4A3-46D4-B344-FF35DB0B0C5D}
	EndGlobalSection
EndGlobal
